
Microsoft Visual Studio Solution File, Format Version 12.00
# Visual Studio Version 17
VisualStudioVersion = 17.0.31903.59
MinimumVisualStudioVersion = 10.0.40219.1
Project("{FAE04EC0-301F-11D3-BF4B-00C04F79EFBC}") = "PsMsgr", "PsMsgr\PsMsgr.csproj", "{4CDAAEE3-AD57-4F85-9CC3-D4A564885563}"
EndProject
Project("{FAE04EC0-301F-11D3-BF4B-00C04F79EFBC}") = "PsMsgr.Tests", "PsMsgr.Tests\PsMsgr.Tests.csproj", "{15C73374-1B2A-4B44-B4C0-B2873EB4E175}"
EndProject
Project("{FAE04EC0-301F-11D3-BF4B-00C04F79EFBC}") = "PsMsgr.AotSmoke", "PsMsgr.AotSmoke\PsMsgr.AotSmoke.csproj", "{1A46F6C7-6136-481F-9E16-83EF29D9C084}"
EndProject
Global
	GlobalSection(SolutionConfigurationPlatforms) = preSolution
		Debug|Any CPU = Debug|Any CPU
		Debug|x64 = Debug|x64
		Debug|x86 = Debug|x86
		Release|Any CPU = Release|Any CPU
		Release|x64 = Release|x64
		Release|x86 = Release|x86
	EndGlobalSection
	GlobalSection(ProjectConfigurationPlatforms) = postSolution
		{4CDAAEE3-AD57-4F85-9CC3-D4A564885563}.Debug|Any CPU.ActiveCfg = Debug|Any CPU
		{4CDAAEE3-AD57-4F85-9CC3-D4A564885563}.Debug|Any CPU.Build.0 = Debug|Any CPU
		{4CDAAEE3-AD57-4F85-9CC3-D4A564885563}.Debug|x64.ActiveCfg = Debug|Any CPU
		{4CDAAEE3-AD57-4F85-9CC3-D4A564885563}.Debug|x64.Build.0 = Debug|Any CPU
		{4CDAAEE3-AD57-4F85-9CC3-D4A564885563}.Debug|x86.ActiveCfg = Debug|Any CPU
		{4CDAAEE3-AD57-4F85-9CC3-D4A564885563}.Debug|x86.Build.0 = Debug|Any CPU
		{4CDAAEE3-AD57-4F85-9CC3-D4A564885563}.Release|Any CPU.ActiveCfg = Release|Any CPU
		{4CDAAEE3-AD57-4F85-9CC3-D4A564885563}.Release|Any CPU.Build.0 = Release|Any CPU
		{4CDAAEE3-AD57-4F85-9CC3-D4A564885563}.Release|x64.ActiveCfg = Release|Any CPU
		{4CDAAEE3-AD57-4F85-9CC3-D4A564885563}.Release|x64.Build.0 = Release|Any CPU
		{4CDAAEE3-AD57-4F85-9CC3-D4A564885563}.Release|x86.ActiveCfg = Release|Any CPU
		{4CDAAEE3-AD57-4F85-9CC3-D4A564885563}.Release|x86.Build.0 = Release|Any CPU
		{15C73374-1B2A-4B44-B4C0-B2873EB4E175}.Debug|Any CPU.ActiveCfg = Debug|Any CPU
		{15C73374-1B2A-4B44-B4C0-B2873EB4E175}.Debug|Any CPU.Build.0 = Debug|Any CPU
		{15C73374-1B2A-4B44-B4C0-B2873EB4E175}.Debug|x64.ActiveCfg = Debug|Any CPU
		{15C73374-1B2A-4B44-B4C0-B2873EB4E175}.Debug|x64.Build.0 = Debug|Any CPU
		{15C73374-1B2A-4B44-B4C0-B2873EB4E175}.Debug|x86.ActiveCfg = Debug|Any CPU
		{15C73374-1B2A-4B44-B4C0-B2873EB4E175}.Debug|x86.Build.0 = Debug|Any CPU
		{15C73374-1B2A-4B44-B4C0-B2873EB4E175}.Release|Any CPU.ActiveCfg = Release|Any CPU
		{15C73374-1B2A-4B44-B4C0-B2873EB4E175}.Release|Any CPU.Build.0 = Release|Any CPU
		{15C73374-1B2A-4B44-B4C0-B2873EB4E175}.Release|x64.ActiveCfg = Release|Any CPU
		{15C73374-1B2A-4B44-B4C0-B2873EB4E175}.Release|x64.Build.0 = Release|Any CPU
		{15C73374-1B2A-4B44-B4C0-B2873EB4E175}.Release|x86.ActiveCfg = Release|Any CPU
		{15C73374-1B2A-4B44-B4C0-B2873EB4E175}.Release|x86.Build.0 = Release|Any CPU
		{1A46F6C7-6136-481F-9E16-83EF29D9C084}.Debug|Any CPU.ActiveCfg = Debug|Any CPU
		{1A46F6C7-6136-481F-9E16-83EF29D9C084}.Debug|Any CPU.Build.0 = Debug|Any CPU
		{1A46F6C7-6136-481F-9E16-83EF29D9C084}.Debug|x64.ActiveCfg = Debug|Any CPU
		{1A46F6C7-6136-481F-9E16-83EF29D9C084}.Debug|x64.Build.0 = Debug|Any CPU
		{1A46F6C7-6136-481F-9E16-83EF29D9C084}.Debug|x86.ActiveCfg = Debug|Any CPU
		{1A46F6C7-6136-481F-9E16-83EF29D9C084}.Debug|x86.Build.0 = Debug|Any CPU
		{1A46F6C7-6136-481F-9E16-83EF29D9C084}.Release|Any CPU.ActiveCfg = Release|Any CPU
		{1A46F6C7-6136-481F-9E16-83EF29D9C084}.Release|Any CPU.Build.0 = Release|Any CPU
		{1A46F6C7-6136-481F-9E16-83EF29D9C084}.Release|x64.ActiveCfg = Release|Any CPU
		{1A46F6C7-6136-481F-9E16-83EF29D9C084}.Release|x64.Build.0 = Release|Any CPU
		{1A46F6C7-6136-481F-9E16-83EF29D9C084}.Release|x86.ActiveCfg = Release|Any CPU
		{1A46F6C7-6136-481F-9E16-83EF29D9C084}.Release|x86.Build.0 = Release|Any CPU
	EndGlobalSection
	GlobalSection(SolutionProperties) = preSolution
		HideSolutionNode = FALSE
	EndGlobalSection
EndGlobal
