<Solution>
  <Configurations>
    <Platform Name="Any CPU" />
    <Platform Name="x64" />
    <Platform Name="x86" />
  </Configurations>
  <Project Path="PsMsgr.AotSmoke/PsMsgr.AotSmoke.csproj" />
  <Project Path="PsMsgr.Tests/PsMsgr.Tests.csproj" />
  <Project Path="PsMsgr/PsMsgr.csproj" />
</Solution>
